
Microsoft Visual Studio Solution File, Format Version 12.00
# Visual Studio 15
VisualStudioVersion = 15.0.28307.168
MinimumVisualStudioVersion = 10.0.40219.1
Project("{FAE04EC0-301F-11D3-BF4B-00C04F79EFBC}") = "findGames", "findGames\findGames.csproj", "{1D498EF2-6716-4BD2-B710-376440CE02E7}"
EndProject
Global
	GlobalSection(SolutionConfigurationPlatforms) = preSolution
		Debug|Any CPU = Debug|Any CPU
		Release|Any CPU = Release|Any CPU
	EndGlobalSection
	GlobalSection(ProjectConfigurationPlatforms) = postSolution
		{1D498EF2-6716-4BD2-B710-376440CE02E7}.Debug|Any CPU.ActiveCfg = Debug|Any CPU
		{1D498EF2-6716-4BD2-B710-376440CE02E7}.Debug|Any CPU.Build.0 = Debug|Any CPU
		{1D498EF2-6716-4BD2-B710-376440CE02E7}.Release|Any CPU.ActiveCfg = Release|Any CPU
		{1D498EF2-6716-4BD2-B710-376440CE02E7}.Release|Any CPU.Build.0 = Release|Any CPU
	EndGlobalSection
	GlobalSection(SolutionProperties) = preSolution
		HideSolutionNode = FALSE
	EndGlobalSection
	GlobalSection(ExtensibilityGlobals) = postSolution
		SolutionGuid = {B6E463A6-F6E5-40F0-A2B8-91D44757C29A}
	EndGlobalSection
EndGlobal
